
Microsoft Visual Studio Solution File, Format Version 12.00
# Visual Studio Version 17
VisualStudioVersion = 17.3.32922.545
MinimumVisualStudioVersion = 10.0.40219.1
Project("{9A19103F-16F7-4668-BE54-9A1E7A4F7556}") = "EmailClient", "EmailClient.csproj", "{8E041DAD-00BE-4480-975C-640B9981E3BD}"
EndProject
Project("{FAE04EC0-301F-11D3-BF4B-00C04F79EFBC}") = "ConsoleDemo", "..\ConsoleDemo\ConsoleDemo.csproj", "{1FEC96BF-3F13-4C65-9E5B-8C54F7C63273}"
EndProject
Global
	GlobalSection(SolutionConfigurationPlatforms) = preSolution
		Debug|Any CPU = Debug|Any CPU
		Release|Any CPU = Release|Any CPU
	EndGlobalSection
	GlobalSection(ProjectConfigurationPlatforms) = postSolution
		{8E041DAD-00BE-4480-975C-640B9981E3BD}.Debug|Any CPU.ActiveCfg = Debug|Any CPU
		{8E041DAD-00BE-4480-975C-640B9981E3BD}.Debug|Any CPU.Build.0 = Debug|Any CPU
		{8E041DAD-00BE-4480-975C-640B9981E3BD}.Release|Any CPU.ActiveCfg = Release|Any CPU
		{8E041DAD-00BE-4480-975C-640B9981E3BD}.Release|Any CPU.Build.0 = Release|Any CPU
		{1FEC96BF-3F13-4C65-9E5B-8C54F7C63273}.Debug|Any CPU.ActiveCfg = Debug|Any CPU
		{1FEC96BF-3F13-4C65-9E5B-8C54F7C63273}.Debug|Any CPU.Build.0 = Debug|Any CPU
		{1FEC96BF-3F13-4C65-9E5B-8C54F7C63273}.Release|Any CPU.ActiveCfg = Release|Any CPU
		{1FEC96BF-3F13-4C65-9E5B-8C54F7C63273}.Release|Any CPU.Build.0 = Release|Any CPU
	EndGlobalSection
	GlobalSection(SolutionProperties) = preSolution
		HideSolutionNode = FALSE
	EndGlobalSection
	GlobalSection(ExtensibilityGlobals) = postSolution
		SolutionGuid = {F1B45B6F-1FAD-4FDA-BBAA-16206A32F1DD}
	EndGlobalSection
EndGlobal
